
Microsoft Visual Studio Solution File, Format Version 12.00
# Visual Studio Version 17
VisualStudioVersion = 17.8.34316.72
MinimumVisualStudioVersion = 10.0.40219.1
Project("{9A19103F-16F7-4668-BE54-9A1E7A4F7556}") = "Singleton", "DesignPatterns\Singleton.csproj", "{271BAE82-A661-4DCA-872A-03C98DE4BB75}"
EndProject
Project("{9A19103F-16F7-4668-BE54-9A1E7A4F7556}") = "Strategy", "Strategy\Strategy.csproj", "{B525542B-89AE-4778-A93F-C839D2959A1C}"
EndProject
Project("{9A19103F-16F7-4668-BE54-9A1E7A4F7556}") = "Command", "Command\Command.csproj", "{011E6275-DD23-4E27-886D-CEA880E89F7A}"
EndProject
Project("{FAE04EC0-301F-11D3-BF4B-00C04F79EFBC}") = "Bridge", "Bridge\Bridge.csproj", "{F74FD5CC-C313-48FB-89A8-3EF440051BD3}"
EndProject
Global
	GlobalSection(SolutionConfigurationPlatforms) = preSolution
		Debug|Any CPU = Debug|Any CPU
		Release|Any CPU = Release|Any CPU
	EndGlobalSection
	GlobalSection(ProjectConfigurationPlatforms) = postSolution
		{271BAE82-A661-4DCA-872A-03C98DE4BB75}.Debug|Any CPU.ActiveCfg = Debug|Any CPU
		{271BAE82-A661-4DCA-872A-03C98DE4BB75}.Debug|Any CPU.Build.0 = Debug|Any CPU
		{271BAE82-A661-4DCA-872A-03C98DE4BB75}.Release|Any CPU.ActiveCfg = Release|Any CPU
		{271BAE82-A661-4DCA-872A-03C98DE4BB75}.Release|Any CPU.Build.0 = Release|Any CPU
		{B525542B-89AE-4778-A93F-C839D2959A1C}.Debug|Any CPU.ActiveCfg = Debug|Any CPU
		{B525542B-89AE-4778-A93F-C839D2959A1C}.Debug|Any CPU.Build.0 = Debug|Any CPU
		{B525542B-89AE-4778-A93F-C839D2959A1C}.Release|Any CPU.ActiveCfg = Release|Any CPU
		{B525542B-89AE-4778-A93F-C839D2959A1C}.Release|Any CPU.Build.0 = Release|Any CPU
		{011E6275-DD23-4E27-886D-CEA880E89F7A}.Debug|Any CPU.ActiveCfg = Debug|Any CPU
		{011E6275-DD23-4E27-886D-CEA880E89F7A}.Debug|Any CPU.Build.0 = Debug|Any CPU
		{011E6275-DD23-4E27-886D-CEA880E89F7A}.Release|Any CPU.ActiveCfg = Release|Any CPU
		{011E6275-DD23-4E27-886D-CEA880E89F7A}.Release|Any CPU.Build.0 = Release|Any CPU
		{F74FD5CC-C313-48FB-89A8-3EF440051BD3}.Debug|Any CPU.ActiveCfg = Debug|Any CPU
		{F74FD5CC-C313-48FB-89A8-3EF440051BD3}.Debug|Any CPU.Build.0 = Debug|Any CPU
		{F74FD5CC-C313-48FB-89A8-3EF440051BD3}.Release|Any CPU.ActiveCfg = Release|Any CPU
		{F74FD5CC-C313-48FB-89A8-3EF440051BD3}.Release|Any CPU.Build.0 = Release|Any CPU
	EndGlobalSection
	GlobalSection(SolutionProperties) = preSolution
		HideSolutionNode = FALSE
	EndGlobalSection
	GlobalSection(ExtensibilityGlobals) = postSolution
		SolutionGuid = {FD4A6D25-EF98-44DE-8841-09671E5676E8}
	EndGlobalSection
EndGlobal
